
Microsoft Visual Studio Solution File, Format Version 12.00
# Visual Studio Version 17
VisualStudioVersion = 17.5.002.0
MinimumVisualStudioVersion = 10.0.40219.1
Project("{9A19103F-16F7-4668-BE54-9A1E7A4F7556}") = "TestRabbit", "TestRabbit.csproj", "{051570AA-C171-4B9D-A274-03CF076E1064}"
EndProject
Global
	GlobalSection(SolutionConfigurationPlatforms) = preSolution
		Debug|Any CPU = Debug|Any CPU
		Release|Any CPU = Release|Any CPU
	EndGlobalSection
	GlobalSection(ProjectConfigurationPlatforms) = postSolution
		{051570AA-C171-4B9D-A274-03CF076E1064}.Debug|Any CPU.ActiveCfg = Debug|Any CPU
		{051570AA-C171-4B9D-A274-03CF076E1064}.Debug|Any CPU.Build.0 = Debug|Any CPU
		{051570AA-C171-4B9D-A274-03CF076E1064}.Release|Any CPU.ActiveCfg = Release|Any CPU
		{051570AA-C171-4B9D-A274-03CF076E1064}.Release|Any CPU.Build.0 = Release|Any CPU
	EndGlobalSection
	GlobalSection(SolutionProperties) = preSolution
		HideSolutionNode = FALSE
	EndGlobalSection
	GlobalSection(ExtensibilityGlobals) = postSolution
		SolutionGuid = {782112CA-D9FD-4399-B3F3-0D503D4EB81A}
	EndGlobalSection
EndGlobal
